
Microsoft Visual Studio Solution File, Format Version 12.00
# Visual Studio Version 16
VisualStudioVersion = 16.0.28714.193
MinimumVisualStudioVersion = 10.0.40219.1
Project("{FAE04EC0-301F-11D3-BF4B-00C04F79EFBC}") = "EcommerceMVC", "EcommerceMVC\EcommerceMVC.csproj", "{6A3DAF9A-AE89-4264-8260-CC8AE8FD84B7}"
EndProject
Project("{FAE04EC0-301F-11D3-BF4B-00C04F79EFBC}") = "EcommerceMVC.Services", "EcommerceMVC.Services\EcommerceMVC.Services.csproj", "{B6AE1274-C5A9-46F5-AEE8-91FAAA6429B8}"
EndProject
Project("{2150E333-8FDC-42A3-9474-1A3956D46DE8}") = "Client", "Client", "{4944B521-EF02-41CB-9332-0463A4E46796}"
EndProject
Project("{FAE04EC0-301F-11D3-BF4B-00C04F79EFBC}") = "EcommerceMVC.Common", "EcommerceMVC.Common\EcommerceMVC.Common.csproj", "{B3436FB8-4AC0-42EE-AC07-3211E7205641}"
EndProject
Global
	GlobalSection(SolutionConfigurationPlatforms) = preSolution
		Debug|Any CPU = Debug|Any CPU
		Release|Any CPU = Release|Any CPU
	EndGlobalSection
	GlobalSection(ProjectConfigurationPlatforms) = postSolution
		{6A3DAF9A-AE89-4264-8260-CC8AE8FD84B7}.Debug|Any CPU.ActiveCfg = Debug|Any CPU
		{6A3DAF9A-AE89-4264-8260-CC8AE8FD84B7}.Debug|Any CPU.Build.0 = Debug|Any CPU
		{6A3DAF9A-AE89-4264-8260-CC8AE8FD84B7}.Release|Any CPU.ActiveCfg = Release|Any CPU
		{6A3DAF9A-AE89-4264-8260-CC8AE8FD84B7}.Release|Any CPU.Build.0 = Release|Any CPU
		{B6AE1274-C5A9-46F5-AEE8-91FAAA6429B8}.Debug|Any CPU.ActiveCfg = Debug|Any CPU
		{B6AE1274-C5A9-46F5-AEE8-91FAAA6429B8}.Debug|Any CPU.Build.0 = Debug|Any CPU
		{B6AE1274-C5A9-46F5-AEE8-91FAAA6429B8}.Release|Any CPU.ActiveCfg = Release|Any CPU
		{B6AE1274-C5A9-46F5-AEE8-91FAAA6429B8}.Release|Any CPU.Build.0 = Release|Any CPU
		{B3436FB8-4AC0-42EE-AC07-3211E7205641}.Debug|Any CPU.ActiveCfg = Debug|Any CPU
		{B3436FB8-4AC0-42EE-AC07-3211E7205641}.Debug|Any CPU.Build.0 = Debug|Any CPU
		{B3436FB8-4AC0-42EE-AC07-3211E7205641}.Release|Any CPU.ActiveCfg = Release|Any CPU
		{B3436FB8-4AC0-42EE-AC07-3211E7205641}.Release|Any CPU.Build.0 = Release|Any CPU
	EndGlobalSection
	GlobalSection(SolutionProperties) = preSolution
		HideSolutionNode = FALSE
	EndGlobalSection
	GlobalSection(NestedProjects) = preSolution
		{6A3DAF9A-AE89-4264-8260-CC8AE8FD84B7} = {4944B521-EF02-41CB-9332-0463A4E46796}
		{B6AE1274-C5A9-46F5-AEE8-91FAAA6429B8} = {4944B521-EF02-41CB-9332-0463A4E46796}
		{B3436FB8-4AC0-42EE-AC07-3211E7205641} = {4944B521-EF02-41CB-9332-0463A4E46796}
	EndGlobalSection
	GlobalSection(ExtensibilityGlobals) = postSolution
		SolutionGuid = {858A1875-C7D5-4440-995D-966680DA4437}
	EndGlobalSection
EndGlobal
